
Microsoft Visual Studio Solution File, Format Version 12.00
# Visual Studio Version 17
VisualStudioVersion = 17.9.34728.123
MinimumVisualStudioVersion = 10.0.40219.1
Project("{9A19103F-16F7-4668-BE54-9A1E7A4F7556}") = "Regular", "Regular\Regular.csproj", "{49A8E437-2109-4873-B618-1E449A930975}"
EndProject
Global
	GlobalSection(SolutionConfigurationPlatforms) = preSolution
		Debug|Any CPU = Debug|Any CPU
		Release|Any CPU = Release|Any CPU
	EndGlobalSection
	GlobalSection(ProjectConfigurationPlatforms) = postSolution
		{49A8E437-2109-4873-B618-1E449A930975}.Debug|Any CPU.ActiveCfg = Debug|Any CPU
		{49A8E437-2109-4873-B618-1E449A930975}.Debug|Any CPU.Build.0 = Debug|Any CPU
		{49A8E437-2109-4873-B618-1E449A930975}.Release|Any CPU.ActiveCfg = Release|Any CPU
		{49A8E437-2109-4873-B618-1E449A930975}.Release|Any CPU.Build.0 = Release|Any CPU
	EndGlobalSection
	GlobalSection(SolutionProperties) = preSolution
		HideSolutionNode = FALSE
	EndGlobalSection
	GlobalSection(ExtensibilityGlobals) = postSolution
		SolutionGuid = {1AEED83F-1156-44AB-8AC8-2200B77BF676}
	EndGlobalSection
EndGlobal
