
Microsoft Visual Studio Solution File, Format Version 12.00
# Visual Studio Version 17
VisualStudioVersion = 17.7.34221.43
MinimumVisualStudioVersion = 10.0.40219.1
Project("{9A19103F-16F7-4668-BE54-9A1E7A4F7556}") = "Regular", "Regular\Regular.csproj", "{C14DF3AC-1EB4-4B05-8FD3-19C782F7A675}"
EndProject
Project("{9A19103F-16F7-4668-BE54-9A1E7A4F7556}") = "DataLayer", "Datalayer\DataLayer.csproj", "{44D68AB1-67D0-4292-BA47-E390AA52CBAD}"
EndProject
Global
	GlobalSection(SolutionConfigurationPlatforms) = preSolution
		Debug|Any CPU = Debug|Any CPU
		Release|Any CPU = Release|Any CPU
	EndGlobalSection
	GlobalSection(ProjectConfigurationPlatforms) = postSolution
		{C14DF3AC-1EB4-4B05-8FD3-19C782F7A675}.Debug|Any CPU.ActiveCfg = Debug|Any CPU
		{C14DF3AC-1EB4-4B05-8FD3-19C782F7A675}.Debug|Any CPU.Build.0 = Debug|Any CPU
		{C14DF3AC-1EB4-4B05-8FD3-19C782F7A675}.Release|Any CPU.ActiveCfg = Release|Any CPU
		{C14DF3AC-1EB4-4B05-8FD3-19C782F7A675}.Release|Any CPU.Build.0 = Release|Any CPU
		{44D68AB1-67D0-4292-BA47-E390AA52CBAD}.Debug|Any CPU.ActiveCfg = Debug|Any CPU
		{44D68AB1-67D0-4292-BA47-E390AA52CBAD}.Debug|Any CPU.Build.0 = Debug|Any CPU
		{44D68AB1-67D0-4292-BA47-E390AA52CBAD}.Release|Any CPU.ActiveCfg = Release|Any CPU
		{44D68AB1-67D0-4292-BA47-E390AA52CBAD}.Release|Any CPU.Build.0 = Release|Any CPU
	EndGlobalSection
	GlobalSection(SolutionProperties) = preSolution
		HideSolutionNode = FALSE
	EndGlobalSection
	GlobalSection(ExtensibilityGlobals) = postSolution
		SolutionGuid = {D51B2A25-4347-4D2C-9A19-DB313001FFDA}
	EndGlobalSection
EndGlobal
